
Microsoft Visual Studio Solution File, Format Version 12.00
# Visual Studio Version 17
VisualStudioVersion = 17.4.33205.214
MinimumVisualStudioVersion = 10.0.40219.1
Project("{9A19103F-16F7-4668-BE54-9A1E7A4F7556}") = "azurecloudspace-handler", "azurecloudspace-handler.csproj", "{E28E0CF8-0E4A-42BE-886A-19B69C0BB04A}"
EndProject
Global
	GlobalSection(SolutionConfigurationPlatforms) = preSolution
		Debug|Any CPU = Debug|Any CPU
		Release|Any CPU = Release|Any CPU
	EndGlobalSection
	GlobalSection(ProjectConfigurationPlatforms) = postSolution
		{E28E0CF8-0E4A-42BE-886A-19B69C0BB04A}.Debug|Any CPU.ActiveCfg = Debug|Any CPU
		{E28E0CF8-0E4A-42BE-886A-19B69C0BB04A}.Debug|Any CPU.Build.0 = Debug|Any CPU
		{E28E0CF8-0E4A-42BE-886A-19B69C0BB04A}.Release|Any CPU.ActiveCfg = Release|Any CPU
		{E28E0CF8-0E4A-42BE-886A-19B69C0BB04A}.Release|Any CPU.Build.0 = Release|Any CPU
	EndGlobalSection
	GlobalSection(SolutionProperties) = preSolution
		HideSolutionNode = FALSE
	EndGlobalSection
	GlobalSection(ExtensibilityGlobals) = postSolution
		SolutionGuid = {DC5C6B32-B7CE-4E02-83F9-8D202EC0ABFA}
	EndGlobalSection
EndGlobal
