
Microsoft Visual Studio Solution File, Format Version 12.00
# Visual Studio Version 17
VisualStudioVersion = 17.4.33205.214
MinimumVisualStudioVersion = 10.0.40219.1
Project("{9A19103F-16F7-4668-BE54-9A1E7A4F7556}") = "AzureCloudspace", "AzureCloudspace.csproj", "{98E7AFAD-6259-4DC1-9F76-84A2E845E71A}"
EndProject
Global
	GlobalSection(SolutionConfigurationPlatforms) = preSolution
		Debug|Any CPU = Debug|Any CPU
		Release|Any CPU = Release|Any CPU
	EndGlobalSection
	GlobalSection(ProjectConfigurationPlatforms) = postSolution
		{98E7AFAD-6259-4DC1-9F76-84A2E845E71A}.Debug|Any CPU.ActiveCfg = Debug|Any CPU
		{98E7AFAD-6259-4DC1-9F76-84A2E845E71A}.Debug|Any CPU.Build.0 = Debug|Any CPU
		{98E7AFAD-6259-4DC1-9F76-84A2E845E71A}.Release|Any CPU.ActiveCfg = Release|Any CPU
		{98E7AFAD-6259-4DC1-9F76-84A2E845E71A}.Release|Any CPU.Build.0 = Release|Any CPU
	EndGlobalSection
	GlobalSection(SolutionProperties) = preSolution
		HideSolutionNode = FALSE
	EndGlobalSection
	GlobalSection(ExtensibilityGlobals) = postSolution
		SolutionGuid = {445D3D6B-198D-485D-A7CB-D4EA3047CFCD}
	EndGlobalSection
EndGlobal
